PODS:
  - FLSwiftyFoundation (0.0.1):
    - RxSwift (= 5.1.1)
  - RxSwift (5.1.1)

DEPENDENCIES:
  - FLSwiftyFoundation (from `../`)

SPEC REPOS:
  trunk:
    - RxSwift

EXTERNAL SOURCES:
  FLSwiftyFoundation:
    :path: "../"

SPEC CHECKSUMS:
  FLSwiftyFoundation: 9566858b6e4c67b49f0978ba473fafe01b7341a2
  RxSwift: 81470a2074fa8780320ea5fe4102807cb7118178

PODFILE CHECKSUM: cd6f383b416ea0d0bfb9481ada9b569d987ed9fa

COCOAPODS: 1.11.3
